	<Project xmlns="http://schemas.microsoft.com/developer/msbuild/2003">
		<PropertyGroup>
			<ProjectGuid>{F71AB42D-8CD9-4605-93C2-E9CEF56A4A4A}</ProjectGuid>
			<MainSource>chdip.dpr</MainSource>
			<Config Condition="'$(Config)'==''">Debug</Config>
			<DCC_DCCCompiler>DCC32</DCC_DCCCompiler>
			<ProjectVersion>12.0</ProjectVersion>
		</PropertyGroup>
		<PropertyGroup Condition="'$(Config)'=='Base' or '$(Base)'!=''">
			<Base>true</Base>
		</PropertyGroup>
		<PropertyGroup Condition="'$(Config)'=='Release' or '$(Cfg_1)'!=''">
			<Cfg_1>true</Cfg_1>
			<CfgParent>Base</CfgParent>
			<Base>true</Base>
		</PropertyGroup>
		<PropertyGroup Condition="'$(Config)'=='Debug' or '$(Cfg_2)'!=''">
			<Cfg_2>true</Cfg_2>
			<CfgParent>Base</CfgParent>
			<Base>true</Base>
		</PropertyGroup>
		<PropertyGroup Condition="'$(Base)'!=''">
			<DCC_IMPLICIT_STRING_CAST>false</DCC_IMPLICIT_STRING_CAST>
			<DCC_IMPLICIT_STRING_CAST_LOSS>false</DCC_IMPLICIT_STRING_CAST_LOSS>
			<DCC_SUSPICIOUS_TYPECAST>error</DCC_SUSPICIOUS_TYPECAST>
			<DCC_DcuOutput>..\build\</DCC_DcuOutput>
			<DCC_DependencyCheckOutputName>chdip.dll</DCC_DependencyCheckOutputName>
			<DCC_UnitSearchPath>..;$(DCC_UnitSearchPath)</DCC_UnitSearchPath>
			<GenDll>true</GenDll>
			<DCC_ImageBase>00400000</DCC_ImageBase>
			<DCC_Platform>x86</DCC_Platform>
		</PropertyGroup>
		<PropertyGroup Condition="'$(Cfg_1)'!=''">
			<DCC_LocalDebugSymbols>false</DCC_LocalDebugSymbols>
			<DCC_Define>RELEASE;$(DCC_Define)</DCC_Define>
			<DCC_SymbolReferenceInfo>0</DCC_SymbolReferenceInfo>
			<DCC_DebugInformation>false</DCC_DebugInformation>
		</PropertyGroup>
		<PropertyGroup Condition="'$(Cfg_2)'!=''">
			<DCC_MapFile>3</DCC_MapFile>
			<DCC_RemoteDebug>true</DCC_RemoteDebug>
			<DCC_DebugDCUs>true</DCC_DebugDCUs>
			<DCC_DebugInfoInExe>true</DCC_DebugInfoInExe>
			<DCC_Define>DEBUG;madExcept;$(DCC_Define)</DCC_Define>
		</PropertyGroup>
		<ItemGroup>
			<DelphiCompile Include="chdip.dpr">
				<MainSource>MainSource</MainSource>
			</DelphiCompile>
			<DCCReference Include="..\misk.pas"/>
			<DCCReference Include="..\chcmd.pas"/>
			<DCCReference Include="..\chshare.pas"/>
			<DCCReference Include="ChThread.pas"/>
			<DCCReference Include="..\timerts.pas"/>
			<DCCReference Include="scaners\ChAlgs.pas"/>
			<DCCReference Include="scaners\ChSrch.pas"/>
			<DCCReference Include="scaners\ChPlugin2.pas"/>
			<DCCReference Include="..\chhook.pas"/>
			<DCCReference Include="..\StrSrv.pas"/>
			<DCCReference Include="..\ChConst.pas"/>
			<DCCReference Include="scaners\ChStat.pas"/>
			<DCCReference Include="scaners\MemMap.pas"/>
			<DCCReference Include="..\ChTypes.pas"/>
			<DCCReference Include="scaners\ChStorage.pas"/>
			<DCCReference Include="..\ChHeap.pas"/>
			<DCCReference Include="scaners\mirror.pas"/>
			<DCCReference Include="..\Frames\ChSettings.pas"/>
			<DCCReference Include="..\Common\netipc.pas"/>
			<DCCReference Include="..\Common\socketapi.pas"/>
			<DCCReference Include="..\TlHelpEx.pas"/>
			<DCCReference Include="..\Common\ChIcons.pas"/>
			<DCCReference Include="WatchTable.pas"/>
			<DCCReference Include="..\Common\ChValues.pas"/>
			<DCCReference Include="..\Common\ChPointers.pas"/>
			<DCCReference Include="..\Common\ChServer.pas"/>
			<DCCReference Include="..\Common\PSLists.pas"/>
			<DCCReference Include="ChPSinfo.pas"/>
			<DCCReference Include="..\Common\LocalIPC.pas"/>
			<DCCReference Include="..\Common\SimpleArray.pas"/>
			<DCCReference Include="..\Common\ShareData.pas"/>
			<DCCReference Include="..\Common\DataProvider.pas"/>
			<DCCReference Include="..\Console\ConThread.pas"/>
			<DCCReference Include="..\Common\ChStrings.pas"/>
			<DCCReference Include="..\Console\vconsole.pas"/>
			<DCCReference Include="..\Console\conmgr.pas"/>
			<None Include="chdip.todo"/>
			<BuildConfiguration Include="Base">
				<Key>Base</Key>
			</BuildConfiguration>
			<BuildConfiguration Include="Debug">
				<Key>Cfg_2</Key>
				<CfgParent>Base</CfgParent>
			</BuildConfiguration>
			<BuildConfiguration Include="Release">
				<Key>Cfg_1</Key>
				<CfgParent>Base</CfgParent>
			</BuildConfiguration>
		</ItemGroup>
		<Import Project="$(BDS)\Bin\CodeGear.Delphi.Targets" Condition="Exists('$(BDS)\Bin\CodeGear.Delphi.Targets')"/>
		<ProjectExtensions>
			<Borland.Personality>Delphi.Personality.12</Borland.Personality>
			<Borland.ProjectType>VCLApplication</Borland.ProjectType>
			<BorlandProject>
				<Delphi.Personality>
					<Source>
						<Source Name="MainSource">chdip.dpr</Source>
					</Source>
					<Parameters>
						<Parameters Name="RunParams">4096</Parameters>
						<Parameters Name="HostApplication">W:\DOC\chtr\wgchost.exe</Parameters>
						<Parameters Name="UseLauncher">False</Parameters>
						<Parameters Name="LoadAllSymbols">True</Parameters>
						<Parameters Name="LoadUnspecifiedSymbols">False</Parameters>
					</Parameters>
					<VersionInfo>
						<VersionInfo Name="IncludeVerInfo">False</VersionInfo>
						<VersionInfo Name="AutoIncBuild">False</VersionInfo>
						<VersionInfo Name="MajorVer">1</VersionInfo>
						<VersionInfo Name="MinorVer">0</VersionInfo>
						<VersionInfo Name="Release">0</VersionInfo>
						<VersionInfo Name="Build">0</VersionInfo>
						<VersionInfo Name="Debug">False</VersionInfo>
						<VersionInfo Name="PreRelease">False</VersionInfo>
						<VersionInfo Name="Special">False</VersionInfo>
						<VersionInfo Name="Private">False</VersionInfo>
						<VersionInfo Name="DLL">False</VersionInfo>
						<VersionInfo Name="Locale">1049</VersionInfo>
						<VersionInfo Name="CodePage">1251</VersionInfo>
					</VersionInfo>
					<VersionInfoKeys>
						<VersionInfoKeys Name="CompanyName"/>
						<VersionInfoKeys Name="FileDescription"/>
						<VersionInfoKeys Name="FileVersion">1.0.0.0</VersionInfoKeys>
						<VersionInfoKeys Name="InternalName"/>
						<VersionInfoKeys Name="LegalCopyright"/>
						<VersionInfoKeys Name="LegalTrademarks"/>
						<VersionInfoKeys Name="OriginalFilename"/>
						<VersionInfoKeys Name="ProductName"/>
						<VersionInfoKeys Name="ProductVersion">1.0.0.0</VersionInfoKeys>
						<VersionInfoKeys Name="Comments"/>
					</VersionInfoKeys>
				</Delphi.Personality>
			</BorlandProject>
			<ProjectFileVersion>12</ProjectFileVersion>
		</ProjectExtensions>
	</Project>
